
Microsoft Visual Studio Solution File, Format Version 12.00
# Visual Studio Version 17
VisualStudioVersion = 17.6.33723.286
MinimumVisualStudioVersion = 10.0.40219.1
Project("{9A19103F-16F7-4668-BE54-9A1E7A4F7556}") = "SensorEmulator", "SensorEmulator\SensorEmulator.csproj", "{CFA2E13D-28E1-4346-93E9-2BEB94E3554D}"
EndProject
Project("{9A19103F-16F7-4668-BE54-9A1E7A4F7556}") = "Server", "Server\Server.csproj", "{7EE413A3-B26B-47F1-967A-60D68B184094}"
EndProject
Global
	GlobalSection(SolutionConfigurationPlatforms) = preSolution
		Debug|Any CPU = Debug|Any CPU
		Release|Any CPU = Release|Any CPU
	EndGlobalSection
	GlobalSection(ProjectConfigurationPlatforms) = postSolution
		{CFA2E13D-28E1-4346-93E9-2BEB94E3554D}.Debug|Any CPU.ActiveCfg = Debug|Any CPU
		{CFA2E13D-28E1-4346-93E9-2BEB94E3554D}.Debug|Any CPU.Build.0 = Debug|Any CPU
		{CFA2E13D-28E1-4346-93E9-2BEB94E3554D}.Release|Any CPU.ActiveCfg = Release|Any CPU
		{CFA2E13D-28E1-4346-93E9-2BEB94E3554D}.Release|Any CPU.Build.0 = Release|Any CPU
		{7EE413A3-B26B-47F1-967A-60D68B184094}.Debug|Any CPU.ActiveCfg = Debug|Any CPU
		{7EE413A3-B26B-47F1-967A-60D68B184094}.Debug|Any CPU.Build.0 = Debug|Any CPU
		{7EE413A3-B26B-47F1-967A-60D68B184094}.Release|Any CPU.ActiveCfg = Release|Any CPU
		{7EE413A3-B26B-47F1-967A-60D68B184094}.Release|Any CPU.Build.0 = Release|Any CPU
	EndGlobalSection
	GlobalSection(SolutionProperties) = preSolution
		HideSolutionNode = FALSE
	EndGlobalSection
	GlobalSection(ExtensibilityGlobals) = postSolution
		SolutionGuid = {5D333E7E-EF0D-4446-A1C5-ADE299281FEE}
	EndGlobalSection
EndGlobal
